
Microsoft Visual Studio Solution File, Format Version 12.00
# Visual Studio 15
VisualStudioVersion = 15.0.28010.2003
MinimumVisualStudioVersion = 10.0.40219.1
Project("{FAE04EC0-301F-11D3-BF4B-00C04F79EFBC}") = "Deck of Cards", "Deck of Cards\Deck of Cards.csproj", "{31D3E854-2CB8-46FF-88F2-6FEE03BFA799}"
EndProject
Global
	GlobalSection(SolutionConfigurationPlatforms) = preSolution
		Debug|Any CPU = Debug|Any CPU
		Release|Any CPU = Release|Any CPU
	EndGlobalSection
	GlobalSection(ProjectConfigurationPlatforms) = postSolution
		{31D3E854-2CB8-46FF-88F2-6FEE03BFA799}.Debug|Any CPU.ActiveCfg = Debug|Any CPU
		{31D3E854-2CB8-46FF-88F2-6FEE03BFA799}.Debug|Any CPU.Build.0 = Debug|Any CPU
		{31D3E854-2CB8-46FF-88F2-6FEE03BFA799}.Release|Any CPU.ActiveCfg = Release|Any CPU
		{31D3E854-2CB8-46FF-88F2-6FEE03BFA799}.Release|Any CPU.Build.0 = Release|Any CPU
	EndGlobalSection
	GlobalSection(SolutionProperties) = preSolution
		HideSolutionNode = FALSE
	EndGlobalSection
	GlobalSection(ExtensibilityGlobals) = postSolution
		SolutionGuid = {BAA63C8F-BB29-4EEA-BBD6-7C39EE2B8468}
	EndGlobalSection
EndGlobal
