
Microsoft Visual Studio Solution File, Format Version 12.00
# Visual Studio 15
VisualStudioVersion = 15.0.28010.2003
MinimumVisualStudioVersion = 10.0.40219.1
Project("{FAE04EC0-301F-11D3-BF4B-00C04F79EFBC}") = "Prime Number Farmer", "Prime Number Farmer\Prime Number Farmer.csproj", "{455AAC32-9850-4F7B-941D-D59CEE81CAB8}"
EndProject
Global
	GlobalSection(SolutionConfigurationPlatforms) = preSolution
		Debug|Any CPU = Debug|Any CPU
		Release|Any CPU = Release|Any CPU
	EndGlobalSection
	GlobalSection(ProjectConfigurationPlatforms) = postSolution
		{455AAC32-9850-4F7B-941D-D59CEE81CAB8}.Debug|Any CPU.ActiveCfg = Debug|Any CPU
		{455AAC32-9850-4F7B-941D-D59CEE81CAB8}.Debug|Any CPU.Build.0 = Debug|Any CPU
		{455AAC32-9850-4F7B-941D-D59CEE81CAB8}.Release|Any CPU.ActiveCfg = Release|Any CPU
		{455AAC32-9850-4F7B-941D-D59CEE81CAB8}.Release|Any CPU.Build.0 = Release|Any CPU
	EndGlobalSection
	GlobalSection(SolutionProperties) = preSolution
		HideSolutionNode = FALSE
	EndGlobalSection
	GlobalSection(ExtensibilityGlobals) = postSolution
		SolutionGuid = {5C840E4C-CB51-434C-AE0F-2871BA46FB9D}
	EndGlobalSection
EndGlobal
