
Microsoft Visual Studio Solution File, Format Version 12.00
# Visual Studio 15
VisualStudioVersion = 15.0.28010.2003
MinimumVisualStudioVersion = 10.0.40219.1
Project("{FAE04EC0-301F-11D3-BF4B-00C04F79EFBC}") = "Palindrome Checker", "Palindrome Checker\Palindrome Checker.csproj", "{557A96CF-E1AC-40D5-8885-2865A3D31474}"
EndProject
Global
	GlobalSection(SolutionConfigurationPlatforms) = preSolution
		Debug|Any CPU = Debug|Any CPU
		Release|Any CPU = Release|Any CPU
	EndGlobalSection
	GlobalSection(ProjectConfigurationPlatforms) = postSolution
		{557A96CF-E1AC-40D5-8885-2865A3D31474}.Debug|Any CPU.ActiveCfg = Debug|Any CPU
		{557A96CF-E1AC-40D5-8885-2865A3D31474}.Debug|Any CPU.Build.0 = Debug|Any CPU
		{557A96CF-E1AC-40D5-8885-2865A3D31474}.Release|Any CPU.ActiveCfg = Release|Any CPU
		{557A96CF-E1AC-40D5-8885-2865A3D31474}.Release|Any CPU.Build.0 = Release|Any CPU
	EndGlobalSection
	GlobalSection(SolutionProperties) = preSolution
		HideSolutionNode = FALSE
	EndGlobalSection
	GlobalSection(ExtensibilityGlobals) = postSolution
		SolutionGuid = {F8A8229A-9C55-472C-A455-86C7C86812C8}
	EndGlobalSection
EndGlobal
