
Microsoft Visual Studio Solution File, Format Version 12.00
# Visual Studio 15
VisualStudioVersion = 15.0.28010.2003
MinimumVisualStudioVersion = 10.0.40219.1
Project("{FAE04EC0-301F-11D3-BF4B-00C04F79EFBC}") = "Pre Assessment", "Pre Assessment\Pre Assessment.csproj", "{D5AFA0F6-EE12-4CA5-93A3-D4D53639998F}"
EndProject
Global
	GlobalSection(SolutionConfigurationPlatforms) = preSolution
		Debug|Any CPU = Debug|Any CPU
		Release|Any CPU = Release|Any CPU
	EndGlobalSection
	GlobalSection(ProjectConfigurationPlatforms) = postSolution
		{D5AFA0F6-EE12-4CA5-93A3-D4D53639998F}.Debug|Any CPU.ActiveCfg = Debug|Any CPU
		{D5AFA0F6-EE12-4CA5-93A3-D4D53639998F}.Debug|Any CPU.Build.0 = Debug|Any CPU
		{D5AFA0F6-EE12-4CA5-93A3-D4D53639998F}.Release|Any CPU.ActiveCfg = Release|Any CPU
		{D5AFA0F6-EE12-4CA5-93A3-D4D53639998F}.Release|Any CPU.Build.0 = Release|Any CPU
	EndGlobalSection
	GlobalSection(SolutionProperties) = preSolution
		HideSolutionNode = FALSE
	EndGlobalSection
	GlobalSection(ExtensibilityGlobals) = postSolution
		SolutionGuid = {F09871E6-9748-4A2B-B88A-959B2FB3A250}
	EndGlobalSection
EndGlobal
