
Microsoft Visual Studio Solution File, Format Version 12.00
# Visual Studio 15
VisualStudioVersion = 15.0.28010.2003
MinimumVisualStudioVersion = 10.0.40219.1
Project("{FAE04EC0-301F-11D3-BF4B-00C04F79EFBC}") = "Caesar Ciphir", "Caesar Ciphir\Caesar Ciphir.csproj", "{B7631E2D-44CA-43A3-BBF8-5CF06B0C8C1B}"
EndProject
Global
	GlobalSection(SolutionConfigurationPlatforms) = preSolution
		Debug|Any CPU = Debug|Any CPU
		Release|Any CPU = Release|Any CPU
	EndGlobalSection
	GlobalSection(ProjectConfigurationPlatforms) = postSolution
		{B7631E2D-44CA-43A3-BBF8-5CF06B0C8C1B}.Debug|Any CPU.ActiveCfg = Debug|Any CPU
		{B7631E2D-44CA-43A3-BBF8-5CF06B0C8C1B}.Debug|Any CPU.Build.0 = Debug|Any CPU
		{B7631E2D-44CA-43A3-BBF8-5CF06B0C8C1B}.Release|Any CPU.ActiveCfg = Release|Any CPU
		{B7631E2D-44CA-43A3-BBF8-5CF06B0C8C1B}.Release|Any CPU.Build.0 = Release|Any CPU
	EndGlobalSection
	GlobalSection(SolutionProperties) = preSolution
		HideSolutionNode = FALSE
	EndGlobalSection
	GlobalSection(ExtensibilityGlobals) = postSolution
		SolutionGuid = {FDB7D9F7-211F-44EF-9BC8-CE15ABE38B89}
	EndGlobalSection
EndGlobal
