
Microsoft Visual Studio Solution File, Format Version 12.00
# Visual Studio 15
VisualStudioVersion = 15.0.28010.2003
MinimumVisualStudioVersion = 10.0.40219.1
Project("{FAE04EC0-301F-11D3-BF4B-00C04F79EFBC}") = "Sieving Prime Number", "Sieving Prime Number\Sieving Prime Number.csproj", "{2E781F06-5E47-4347-B5BE-E60FB42FA0A0}"
EndProject
Global
	GlobalSection(SolutionConfigurationPlatforms) = preSolution
		Debug|Any CPU = Debug|Any CPU
		Release|Any CPU = Release|Any CPU
	EndGlobalSection
	GlobalSection(ProjectConfigurationPlatforms) = postSolution
		{2E781F06-5E47-4347-B5BE-E60FB42FA0A0}.Debug|Any CPU.ActiveCfg = Debug|Any CPU
		{2E781F06-5E47-4347-B5BE-E60FB42FA0A0}.Debug|Any CPU.Build.0 = Debug|Any CPU
		{2E781F06-5E47-4347-B5BE-E60FB42FA0A0}.Release|Any CPU.ActiveCfg = Release|Any CPU
		{2E781F06-5E47-4347-B5BE-E60FB42FA0A0}.Release|Any CPU.Build.0 = Release|Any CPU
	EndGlobalSection
	GlobalSection(SolutionProperties) = preSolution
		HideSolutionNode = FALSE
	EndGlobalSection
	GlobalSection(ExtensibilityGlobals) = postSolution
		SolutionGuid = {AE9F3E13-653D-4D27-844C-6CC01386B9B4}
	EndGlobalSection
EndGlobal
