
Microsoft Visual Studio Solution File, Format Version 12.00
# Visual Studio 15
VisualStudioVersion = 15.0.28010.2003
MinimumVisualStudioVersion = 10.0.40219.1
Project("{FAE04EC0-301F-11D3-BF4B-00C04F79EFBC}") = "Radix Thing", "Radix Thing\Radix Thing.csproj", "{710FEB9B-CD41-4CD8-B734-F6FEAF3E7789}"
EndProject
Global
	GlobalSection(SolutionConfigurationPlatforms) = preSolution
		Debug|Any CPU = Debug|Any CPU
		Release|Any CPU = Release|Any CPU
	EndGlobalSection
	GlobalSection(ProjectConfigurationPlatforms) = postSolution
		{710FEB9B-CD41-4CD8-B734-F6FEAF3E7789}.Debug|Any CPU.ActiveCfg = Debug|Any CPU
		{710FEB9B-CD41-4CD8-B734-F6FEAF3E7789}.Debug|Any CPU.Build.0 = Debug|Any CPU
		{710FEB9B-CD41-4CD8-B734-F6FEAF3E7789}.Release|Any CPU.ActiveCfg = Release|Any CPU
		{710FEB9B-CD41-4CD8-B734-F6FEAF3E7789}.Release|Any CPU.Build.0 = Release|Any CPU
	EndGlobalSection
	GlobalSection(SolutionProperties) = preSolution
		HideSolutionNode = FALSE
	EndGlobalSection
	GlobalSection(ExtensibilityGlobals) = postSolution
		SolutionGuid = {61C6017B-A548-4E36-91C6-9D92CFDB7617}
	EndGlobalSection
EndGlobal
